
Microsoft Visual Studio Solution File, Format Version 12.00
# Visual Studio 15
VisualStudioVersion = 15.0.27130.2027
MinimumVisualStudioVersion = 10.0.40219.1
Project("{FAE04EC0-301F-11D3-BF4B-00C04F79EFBC}") = "FDK", "FDK\FDK.csproj", "{BCD40908-F3E2-4707-BFAA-1DD99DF6357D}"
EndProject
Project("{FAE04EC0-301F-11D3-BF4B-00C04F79EFBC}") = "DTXMania", "DTXMania\DTXMania.csproj", "{81BEC512-8074-4BD1-8A3C-AC73BC7BF846}"
EndProject
Project("{FAE04EC0-301F-11D3-BF4B-00C04F79EFBC}") = "DTXCreator", "DTXCreator\DTXCreator.csproj", "{BAC81BCC-5689-4600-91A0-7427667500D6}"
EndProject
Project("{FAE04EC0-301F-11D3-BF4B-00C04F79EFBC}") = "DTX2WAV", "DTX2WAV\DTX2WAV.csproj", "{97942C23-C771-440E-9D07-897C9EF9BED5}"
	ProjectSection(ProjectDependencies) = postProject
		{81BEC512-8074-4BD1-8A3C-AC73BC7BF846} = {81BEC512-8074-4BD1-8A3C-AC73BC7BF846}
	EndProjectSection
EndProject
Project("{FAE04EC0-301F-11D3-BF4B-00C04F79EFBC}") = "MidiInChecker2", "MidiInChecker2_Solution\MidiInChecker2_Project\MidiInChecker2.csproj", "{46AC7786-9431-4C49-B18E-9B6A839B6E5A}"
EndProject
Project("{FAE04EC0-301F-11D3-BF4B-00C04F79EFBC}") = "libbjxa", "libbjxa\libbjxa.csproj", "{41E67409-F5EC-4216-A790-2519A7B22E51}"
EndProject
Global
	GlobalSection(SolutionConfigurationPlatforms) = preSolution
		Debug|Any CPU = Debug|Any CPU
		Debug|x64 = Debug|x64
		Debug|x86 = Debug|x86
		Release|Any CPU = Release|Any CPU
		Release|x64 = Release|x64
		Release|x86 = Release|x86
	EndGlobalSection
	GlobalSection(ProjectConfigurationPlatforms) = postSolution
		{BCD40908-F3E2-4707-BFAA-1DD99DF6357D}.Debug|Any CPU.ActiveCfg = Debug|Any CPU
		{BCD40908-F3E2-4707-BFAA-1DD99DF6357D}.Debug|Any CPU.Build.0 = Debug|Any CPU
		{BCD40908-F3E2-4707-BFAA-1DD99DF6357D}.Debug|x64.ActiveCfg = Debug|x64
		{BCD40908-F3E2-4707-BFAA-1DD99DF6357D}.Debug|x64.Build.0 = Debug|x64
		{BCD40908-F3E2-4707-BFAA-1DD99DF6357D}.Debug|x86.ActiveCfg = Debug|x86
		{BCD40908-F3E2-4707-BFAA-1DD99DF6357D}.Debug|x86.Build.0 = Debug|x86
		{BCD40908-F3E2-4707-BFAA-1DD99DF6357D}.Release|Any CPU.ActiveCfg = Release|Any CPU
		{BCD40908-F3E2-4707-BFAA-1DD99DF6357D}.Release|Any CPU.Build.0 = Release|Any CPU
		{BCD40908-F3E2-4707-BFAA-1DD99DF6357D}.Release|x64.ActiveCfg = Release|x64
		{BCD40908-F3E2-4707-BFAA-1DD99DF6357D}.Release|x64.Build.0 = Release|x64
		{BCD40908-F3E2-4707-BFAA-1DD99DF6357D}.Release|x86.ActiveCfg = Release|x86
		{BCD40908-F3E2-4707-BFAA-1DD99DF6357D}.Release|x86.Build.0 = Release|x86
		{81BEC512-8074-4BD1-8A3C-AC73BC7BF846}.Debug|Any CPU.ActiveCfg = Debug|Any CPU
		{81BEC512-8074-4BD1-8A3C-AC73BC7BF846}.Debug|Any CPU.Build.0 = Debug|Any CPU
		{81BEC512-8074-4BD1-8A3C-AC73BC7BF846}.Debug|x64.ActiveCfg = Debug|x64
		{81BEC512-8074-4BD1-8A3C-AC73BC7BF846}.Debug|x64.Build.0 = Debug|x64
		{81BEC512-8074-4BD1-8A3C-AC73BC7BF846}.Debug|x86.ActiveCfg = Debug|x86
		{81BEC512-8074-4BD1-8A3C-AC73BC7BF846}.Debug|x86.Build.0 = Debug|x86
		{81BEC512-8074-4BD1-8A3C-AC73BC7BF846}.Release|Any CPU.ActiveCfg = Release|Any CPU
		{81BEC512-8074-4BD1-8A3C-AC73BC7BF846}.Release|Any CPU.Build.0 = Release|Any CPU
		{81BEC512-8074-4BD1-8A3C-AC73BC7BF846}.Release|x64.ActiveCfg = Release|x64
		{81BEC512-8074-4BD1-8A3C-AC73BC7BF846}.Release|x64.Build.0 = Release|x64
		{81BEC512-8074-4BD1-8A3C-AC73BC7BF846}.Release|x86.ActiveCfg = Release|x86
		{81BEC512-8074-4BD1-8A3C-AC73BC7BF846}.Release|x86.Build.0 = Release|x86
		{BAC81BCC-5689-4600-91A0-7427667500D6}.Debug|Any CPU.ActiveCfg = Debug|Any CPU
		{BAC81BCC-5689-4600-91A0-7427667500D6}.Debug|Any CPU.Build.0 = Debug|Any CPU
		{BAC81BCC-5689-4600-91A0-7427667500D6}.Debug|x64.ActiveCfg = Debug|x64
		{BAC81BCC-5689-4600-91A0-7427667500D6}.Debug|x64.Build.0 = Debug|x64
		{BAC81BCC-5689-4600-91A0-7427667500D6}.Debug|x86.ActiveCfg = Debug|x86
		{BAC81BCC-5689-4600-91A0-7427667500D6}.Debug|x86.Build.0 = Debug|x86
		{BAC81BCC-5689-4600-91A0-7427667500D6}.Release|Any CPU.ActiveCfg = Release|Any CPU
		{BAC81BCC-5689-4600-91A0-7427667500D6}.Release|Any CPU.Build.0 = Release|Any CPU
		{BAC81BCC-5689-4600-91A0-7427667500D6}.Release|x64.ActiveCfg = Release|x64
		{BAC81BCC-5689-4600-91A0-7427667500D6}.Release|x64.Build.0 = Release|x64
		{BAC81BCC-5689-4600-91A0-7427667500D6}.Release|x86.ActiveCfg = Release|x86
		{BAC81BCC-5689-4600-91A0-7427667500D6}.Release|x86.Build.0 = Release|x86
		{97942C23-C771-440E-9D07-897C9EF9BED5}.Debug|Any CPU.ActiveCfg = Debug|Any CPU
		{97942C23-C771-440E-9D07-897C9EF9BED5}.Debug|Any CPU.Build.0 = Debug|Any CPU
		{97942C23-C771-440E-9D07-897C9EF9BED5}.Debug|x64.ActiveCfg = Debug|x64
		{97942C23-C771-440E-9D07-897C9EF9BED5}.Debug|x64.Build.0 = Debug|x64
		{97942C23-C771-440E-9D07-897C9EF9BED5}.Debug|x86.ActiveCfg = Debug|x86
		{97942C23-C771-440E-9D07-897C9EF9BED5}.Debug|x86.Build.0 = Debug|x86
		{97942C23-C771-440E-9D07-897C9EF9BED5}.Release|Any CPU.ActiveCfg = Release|Any CPU
		{97942C23-C771-440E-9D07-897C9EF9BED5}.Release|Any CPU.Build.0 = Release|Any CPU
		{97942C23-C771-440E-9D07-897C9EF9BED5}.Release|x64.ActiveCfg = Release|x64
		{97942C23-C771-440E-9D07-897C9EF9BED5}.Release|x64.Build.0 = Release|x64
		{97942C23-C771-440E-9D07-897C9EF9BED5}.Release|x86.ActiveCfg = Release|x86
		{97942C23-C771-440E-9D07-897C9EF9BED5}.Release|x86.Build.0 = Release|x86
		{46AC7786-9431-4C49-B18E-9B6A839B6E5A}.Debug|Any CPU.ActiveCfg = Debug|Any CPU
		{46AC7786-9431-4C49-B18E-9B6A839B6E5A}.Debug|Any CPU.Build.0 = Debug|Any CPU
		{46AC7786-9431-4C49-B18E-9B6A839B6E5A}.Debug|x64.ActiveCfg = Debug|x64
		{46AC7786-9431-4C49-B18E-9B6A839B6E5A}.Debug|x64.Build.0 = Debug|x64
		{46AC7786-9431-4C49-B18E-9B6A839B6E5A}.Debug|x86.ActiveCfg = Debug|x86
		{46AC7786-9431-4C49-B18E-9B6A839B6E5A}.Debug|x86.Build.0 = Debug|x86
		{46AC7786-9431-4C49-B18E-9B6A839B6E5A}.Release|Any CPU.ActiveCfg = Release|Any CPU
		{46AC7786-9431-4C49-B18E-9B6A839B6E5A}.Release|Any CPU.Build.0 = Release|Any CPU
		{46AC7786-9431-4C49-B18E-9B6A839B6E5A}.Release|x64.ActiveCfg = Release|x64
		{46AC7786-9431-4C49-B18E-9B6A839B6E5A}.Release|x64.Build.0 = Release|x64
		{46AC7786-9431-4C49-B18E-9B6A839B6E5A}.Release|x86.ActiveCfg = Release|x86
		{46AC7786-9431-4C49-B18E-9B6A839B6E5A}.Release|x86.Build.0 = Release|x86
		{41E67409-F5EC-4216-A790-2519A7B22E51}.Debug|Any CPU.ActiveCfg = Debug|Any CPU
		{41E67409-F5EC-4216-A790-2519A7B22E51}.Debug|Any CPU.Build.0 = Debug|Any CPU
		{41E67409-F5EC-4216-A790-2519A7B22E51}.Debug|x64.ActiveCfg = Debug|x64
		{41E67409-F5EC-4216-A790-2519A7B22E51}.Debug|x64.Build.0 = Debug|x64
		{41E67409-F5EC-4216-A790-2519A7B22E51}.Debug|x86.ActiveCfg = Debug|x86
		{41E67409-F5EC-4216-A790-2519A7B22E51}.Debug|x86.Build.0 = Debug|x86
		{41E67409-F5EC-4216-A790-2519A7B22E51}.Release|Any CPU.ActiveCfg = Release|Any CPU
		{41E67409-F5EC-4216-A790-2519A7B22E51}.Release|Any CPU.Build.0 = Release|Any CPU
		{41E67409-F5EC-4216-A790-2519A7B22E51}.Release|x64.ActiveCfg = Release|x64
		{41E67409-F5EC-4216-A790-2519A7B22E51}.Release|x64.Build.0 = Release|x64
		{41E67409-F5EC-4216-A790-2519A7B22E51}.Release|x86.ActiveCfg = Release|x86
		{41E67409-F5EC-4216-A790-2519A7B22E51}.Release|x86.Build.0 = Release|x86
	EndGlobalSection
	GlobalSection(SolutionProperties) = preSolution
		HideSolutionNode = FALSE
	EndGlobalSection
	GlobalSection(ExtensibilityGlobals) = postSolution
		SolutionGuid = {AFC495EE-6FF0-43DA-9AE0-1EEFCE8F5338}
	EndGlobalSection
EndGlobal
