
Microsoft Visual Studio Solution File, Format Version 11.00
# Visual Studio 2010
Project("{8BC9CEB8-8B4A-11D0-8D11-00A0C91BC942}") = "FDK", "@FDK10プロジェクト\FDK.vcxproj", "{ECE2FCB4-B588-47E1-A4DB-F5566132FCAC}"
EndProject
Project("{8BC9CEB8-8B4A-11D0-8D11-00A0C91BC942}") = "DTXViewer", "@DTXViewerプロジェクト\DTXViewer.vcxproj", "{9E37CDB0-178C-4ED1-B22B-B486C168DD3E}"
	ProjectSection(ProjectDependencies) = postProject
		{ECE2FCB4-B588-47E1-A4DB-F5566132FCAC} = {ECE2FCB4-B588-47E1-A4DB-F5566132FCAC}
	EndProjectSection
EndProject
Global
	GlobalSection(SolutionConfigurationPlatforms) = preSolution
		Debug|Win32 = Debug|Win32
		Release|Win32 = Release|Win32
	EndGlobalSection
	GlobalSection(ProjectConfigurationPlatforms) = postSolution
		{ECE2FCB4-B588-47E1-A4DB-F5566132FCAC}.Debug|Win32.ActiveCfg = Debug|Win32
		{ECE2FCB4-B588-47E1-A4DB-F5566132FCAC}.Debug|Win32.Build.0 = Debug|Win32
		{ECE2FCB4-B588-47E1-A4DB-F5566132FCAC}.Release|Win32.ActiveCfg = Release|Win32
		{ECE2FCB4-B588-47E1-A4DB-F5566132FCAC}.Release|Win32.Build.0 = Release|Win32
		{9E37CDB0-178C-4ED1-B22B-B486C168DD3E}.Debug|Win32.ActiveCfg = Debug|Win32
		{9E37CDB0-178C-4ED1-B22B-B486C168DD3E}.Debug|Win32.Build.0 = Debug|Win32
		{9E37CDB0-178C-4ED1-B22B-B486C168DD3E}.Release|Win32.ActiveCfg = Release|Win32
		{9E37CDB0-178C-4ED1-B22B-B486C168DD3E}.Release|Win32.Build.0 = Release|Win32
	EndGlobalSection
	GlobalSection(SolutionProperties) = preSolution
		HideSolutionNode = FALSE
	EndGlobalSection
EndGlobal
